<?xml version="1.0" encoding="UTF-8"?>
<Scheme
   LastUpgradeVersion = "2620"
   version = "1.3">
   <BuildAction
      parallelizeBuildables = "YES"
      buildImplicitDependencies = "YES">
      <BuildActionEntries>
         <BuildActionEntry
            buildForTesting = "YES"
            buildForRunning = "YES"
            buildForProfiling = "YES"
            buildForArchiving = "YES"
            buildForAnalyzing = "YES">
            <BuildableReference
               BuildableIdentifier = "primary"
               BlueprintIdentifier = "F44D025124BE402700E77B2A"
               BuildableName = "exp2swift"
               BlueprintName = "exp2swift"
               ReferencedContainer = "container:STEPswiftcode.xcodeproj">
            </BuildableReference>
         </BuildActionEntry>
      </BuildActionEntries>
   </BuildAction>
   <TestAction
      buildConfiguration = "Debug"
      selectedDebuggerIdentifier = "Xcode.DebuggerFoundation.Debugger.LLDB"
      selectedLauncherIdentifier = "Xcode.DebuggerFoundation.Launcher.LLDB"
      shouldUseLaunchSchemeArgsEnv = "YES">
      <Testables>
      </Testables>
   </TestAction>
   <LaunchAction
      buildConfiguration = "Debug"
      selectedDebuggerIdentifier = "Xcode.DebuggerFoundation.Debugger.LLDB"
      selectedLauncherIdentifier = "Xcode.DebuggerFoundation.Launcher.LLDB"
      enableAddressSanitizer = "YES"
      enableASanStackUseAfterReturn = "YES"
      enableUBSanitizer = "YES"
      launchStyle = "0"
      useCustomWorkingDirectory = "YES"
      customWorkingDirectory = "/Users/home/Dropbox/STEP/STEPcode/SwiftSDAIap242ed4/Sources/SwiftSDAIap242ed4"
      ignoresPersistentStateOnLaunch = "NO"
      debugDocumentVersioning = "YES"
      debugServiceExtension = "internal"
      allowLocationSimulation = "YES">
      <BuildableProductRunnable
         runnableDebuggingMode = "0">
         <BuildableReference
            BuildableIdentifier = "primary"
            BlueprintIdentifier = "F44D025124BE402700E77B2A"
            BuildableName = "exp2swift"
            BlueprintName = "exp2swift"
            ReferencedContainer = "container:STEPswiftcode.xcodeproj">
         </BuildableReference>
      </BuildableProductRunnable>
      <CommandLineArguments>
         <CommandLineArgument
            argument = "ap242/242_n8324_mim_lf.exp"
            isEnabled = "NO">
         </CommandLineArgument>
         <CommandLineArgument
            argument = "ap242/ap242ed2_mim_lf_v1.101_TY.exp"
            isEnabled = "NO">
         </CommandLineArgument>
         <CommandLineArgument
            argument = "ap242ed4/ap242ed4_mim_lf.exp"
            isEnabled = "YES">
         </CommandLineArgument>
         <CommandLineArgument
            argument = "debug/debug1.exp"
            isEnabled = "NO">
         </CommandLineArgument>
         <CommandLineArgument
            argument = "debug/debug2.exp"
            isEnabled = "NO">
         </CommandLineArgument>
      </CommandLineArguments>
      <EnvironmentVariables>
         <EnvironmentVariable
            key = "EXPRESS_PATH"
            value = "$(SRCROOT)/../SwiftSDAIap242/schema/"
            isEnabled = "NO">
         </EnvironmentVariable>
         <EnvironmentVariable
            key = "EXPRESS_PATH"
            value = "$(SRCROOT)/../SwiftSDAIap242ed4/schema/"
            isEnabled = "YES">
         </EnvironmentVariable>
      </EnvironmentVariables>
      <AdditionalOptions>
         <AdditionalOption
            key = "MallocScribble"
            value = ""
            isEnabled = "YES">
         </AdditionalOption>
      </AdditionalOptions>
   </LaunchAction>
   <ProfileAction
      buildConfiguration = "Release"
      shouldUseLaunchSchemeArgsEnv = "YES"
      savedToolIdentifier = ""
      useCustomWorkingDirectory = "NO"
      debugDocumentVersioning = "YES">
      <BuildableProductRunnable
         runnableDebuggingMode = "0">
         <BuildableReference
            BuildableIdentifier = "primary"
            BlueprintIdentifier = "F44D025124BE402700E77B2A"
            BuildableName = "exp2swift"
            BlueprintName = "exp2swift"
            ReferencedContainer = "container:STEPswiftcode.xcodeproj">
         </BuildableReference>
      </BuildableProductRunnable>
   </ProfileAction>
   <AnalyzeAction
      buildConfiguration = "Debug">
   </AnalyzeAction>
   <ArchiveAction
      buildConfiguration = "Release"
      revealArchiveInOrganizer = "YES">
   </ArchiveAction>
</Scheme>
