// !$*UTF8*$!
{
	archiveVersion = 1;
	classes = {
	};
	objectVersion = 52;
	objects = {

/* Begin PBXBuildFile section */
		F40EE5DE254546AB00F293C3 /* swift_type_alias.c in Sources */ = {isa = PBXBuildFile; fileRef = F40EE5DD254546AB00F293C3 /* swift_type_alias.c */; };
		F40EE5E4254546D800F293C3 /* swift_named_aggregate_type.c in Sources */ = {isa = PBXBuildFile; fileRef = F40EE5E3254546D800F293C3 /* swift_named_aggregate_type.c */; };
		F40EE5EA254546F200F293C3 /* swift_named_simple_type.c in Sources */ = {isa = PBXBuildFile; fileRef = F40EE5E9254546F200F293C3 /* swift_named_simple_type.c */; };
		F43B6BEF24CD3D6C007493AB /* swift_entity_partial.c in Sources */ = {isa = PBXBuildFile; fileRef = F43B6BEE24CD3D6C007493AB /* swift_entity_partial.c */; };
		F43B6BF124CD3E20007493AB /* swift_entity_reference.c in Sources */ = {isa = PBXBuildFile; fileRef = F43B6BF024CD3E20007493AB /* swift_entity_reference.c */; };
		F43B6BF724CEC040007493AB /* swift_rule.c in Sources */ = {isa = PBXBuildFile; fileRef = F43B6BF624CEC040007493AB /* swift_rule.c */; };
		F43B6BFA24CEC053007493AB /* swift_func.c in Sources */ = {isa = PBXBuildFile; fileRef = F43B6BF924CEC053007493AB /* swift_func.c */; };
		F43B6BFD24CEC064007493AB /* swift_proc.c in Sources */ = {isa = PBXBuildFile; fileRef = F43B6BFC24CEC064007493AB /* swift_proc.c */; };
		F43B6C0124D0064D007493AB /* swift_algorithm.c in Sources */ = {isa = PBXBuildFile; fileRef = F43B6C0024D0064D007493AB /* swift_algorithm.c */; };
		F44D02DE24BE427C00E77B2A /* sc_trace_fprintf.c in Sources */ = {isa = PBXBuildFile; fileRef = F44D02B824BE427C00E77B2A /* sc_trace_fprintf.c */; };
		F44D02DF24BE427C00E77B2A /* sc_memmgr.cc in Sources */ = {isa = PBXBuildFile; fileRef = F44D02B924BE427C00E77B2A /* sc_memmgr.cc */; };
		F44D02E024BE427C00E77B2A /* sc_mkdir.c in Sources */ = {isa = PBXBuildFile; fileRef = F44D02BC24BE427C00E77B2A /* sc_mkdir.c */; };
		F44D02E124BE427C00E77B2A /* sc_getopt.cc in Sources */ = {isa = PBXBuildFile; fileRef = F44D02BD24BE427C00E77B2A /* sc_getopt.cc */; };
		F44D02EB24BE427C00E77B2A /* path2str.c in Sources */ = {isa = PBXBuildFile; fileRef = F44D02D924BE427C00E77B2A /* path2str.c */; };
		F44D02EC24BE427C00E77B2A /* sc_benchmark.cc in Sources */ = {isa = PBXBuildFile; fileRef = F44D02DC24BE427C00E77B2A /* sc_benchmark.cc */; };
		F44D031A24BE429E00E77B2A /* expscan.c in Sources */ = {isa = PBXBuildFile; fileRef = F44D02F124BE429E00E77B2A /* expscan.c */; };
		F44D031B24BE429E00E77B2A /* expparse.c in Sources */ = {isa = PBXBuildFile; fileRef = F44D02F324BE429E00E77B2A /* expparse.c */; };
		F44D031C24BE429E00E77B2A /* dict.c in Sources */ = {isa = PBXBuildFile; fileRef = F44D02F524BE429E00E77B2A /* dict.c */; };
		F44D031D24BE429E00E77B2A /* caseitem.c in Sources */ = {isa = PBXBuildFile; fileRef = F44D02F624BE429E00E77B2A /* caseitem.c */; };
		F44D031E24BE429E00E77B2A /* alg.c in Sources */ = {isa = PBXBuildFile; fileRef = F44D02F724BE429E00E77B2A /* alg.c */; };
		F44D031F24BE429E00E77B2A /* object.c in Sources */ = {isa = PBXBuildFile; fileRef = F44D02F824BE429E00E77B2A /* object.c */; };
		F44D032024BE429E00E77B2A /* memory.c in Sources */ = {isa = PBXBuildFile; fileRef = F44D02F924BE429E00E77B2A /* memory.c */; };
		F44D032224BE429E00E77B2A /* linklist.c in Sources */ = {isa = PBXBuildFile; fileRef = F44D02FC24BE429E00E77B2A /* linklist.c */; };
		F44D032624BE429E00E77B2A /* entity.c in Sources */ = {isa = PBXBuildFile; fileRef = F44D030224BE429E00E77B2A /* entity.c */; };
		F44D032824BE429E00E77B2A /* stmt.c in Sources */ = {isa = PBXBuildFile; fileRef = F44D030424BE429E00E77B2A /* stmt.c */; };
		F44D032924BE429E00E77B2A /* info.c in Sources */ = {isa = PBXBuildFile; fileRef = F44D030524BE429E00E77B2A /* info.c */; };
		F44D032A24BE429E00E77B2A /* resolve.c in Sources */ = {isa = PBXBuildFile; fileRef = F44D030824BE429E00E77B2A /* resolve.c */; };
		F44D032B24BE429E00E77B2A /* fedex.c in Sources */ = {isa = PBXBuildFile; fileRef = F44D030924BE429E00E77B2A /* fedex.c */; };
		F44D032D24BE429E00E77B2A /* hash.c in Sources */ = {isa = PBXBuildFile; fileRef = F44D030B24BE429E00E77B2A /* hash.c */; };
		F44D032E24BE429E00E77B2A /* scope.c in Sources */ = {isa = PBXBuildFile; fileRef = F44D030C24BE429E00E77B2A /* scope.c */; };
		F44D032F24BE429E00E77B2A /* type.c in Sources */ = {isa = PBXBuildFile; fileRef = F44D030F24BE429E00E77B2A /* type.c */; };
		F44D033024BE429E00E77B2A /* error.c in Sources */ = {isa = PBXBuildFile; fileRef = F44D031024BE429E00E77B2A /* error.c */; };
		F44D033124BE429E00E77B2A /* lexact.c in Sources */ = {isa = PBXBuildFile; fileRef = F44D031124BE429E00E77B2A /* lexact.c */; };
		F44D033224BE429E00E77B2A /* symbol.c in Sources */ = {isa = PBXBuildFile; fileRef = F44D031224BE429E00E77B2A /* symbol.c */; };
		F44D033424BE429E00E77B2A /* exp_kw.c in Sources */ = {isa = PBXBuildFile; fileRef = F44D031524BE429E00E77B2A /* exp_kw.c */; };
		F44D033524BE429E00E77B2A /* express.c in Sources */ = {isa = PBXBuildFile; fileRef = F44D031624BE429E00E77B2A /* express.c */; };
		F44D033624BE429E00E77B2A /* expr.c in Sources */ = {isa = PBXBuildFile; fileRef = F44D031724BE429E00E77B2A /* expr.c */; };
		F44D033724BE429E00E77B2A /* variable.c in Sources */ = {isa = PBXBuildFile; fileRef = F44D031824BE429E00E77B2A /* variable.c */; };
		F44D033824BE429E00E77B2A /* schema.c in Sources */ = {isa = PBXBuildFile; fileRef = F44D031924BE429E00E77B2A /* schema.c */; };
		F44D036B24BE42B400E77B2A /* pretty_schema.c in Sources */ = {isa = PBXBuildFile; fileRef = F44D033D24BE42B400E77B2A /* pretty_schema.c */; };
		F44D036C24BE42B400E77B2A /* pretty_subtype.c in Sources */ = {isa = PBXBuildFile; fileRef = F44D034024BE42B400E77B2A /* pretty_subtype.c */; };
		F44D036D24BE42B400E77B2A /* pretty_express.c in Sources */ = {isa = PBXBuildFile; fileRef = F44D034124BE42B400E77B2A /* pretty_express.c */; };
		F44D037324BE42B400E77B2A /* pretty_expr.c in Sources */ = {isa = PBXBuildFile; fileRef = F44D034E24BE42B400E77B2A /* pretty_expr.c */; };
		F44D037424BE42B400E77B2A /* pretty_scope.c in Sources */ = {isa = PBXBuildFile; fileRef = F44D034F24BE42B400E77B2A /* pretty_scope.c */; };
		F44D037524BE42B400E77B2A /* pretty_type.c in Sources */ = {isa = PBXBuildFile; fileRef = F44D035224BE42B400E77B2A /* pretty_type.c */; };
		F44D037624BE42B400E77B2A /* pretty_proc.c in Sources */ = {isa = PBXBuildFile; fileRef = F44D035524BE42B400E77B2A /* pretty_proc.c */; };
		F44D037724BE42B400E77B2A /* pretty_where.c in Sources */ = {isa = PBXBuildFile; fileRef = F44D035724BE42B400E77B2A /* pretty_where.c */; };
		F44D037824BE42B400E77B2A /* pretty_stmt.c in Sources */ = {isa = PBXBuildFile; fileRef = F44D035824BE42B400E77B2A /* pretty_stmt.c */; };
		F44D037924BE42B400E77B2A /* pretty_alg.c in Sources */ = {isa = PBXBuildFile; fileRef = F44D035A24BE42B400E77B2A /* pretty_alg.c */; };
		F44D037A24BE42B400E77B2A /* pretty_case.c in Sources */ = {isa = PBXBuildFile; fileRef = F44D035B24BE42B400E77B2A /* pretty_case.c */; };
		F44D037B24BE42B400E77B2A /* pretty_func.c in Sources */ = {isa = PBXBuildFile; fileRef = F44D035C24BE42B400E77B2A /* pretty_func.c */; };
		F44D037C24BE42B400E77B2A /* exppp.c in Sources */ = {isa = PBXBuildFile; fileRef = F44D036024BE42B400E77B2A /* exppp.c */; };
		F44D037E24BE42B400E77B2A /* pretty_ref.c in Sources */ = {isa = PBXBuildFile; fileRef = F44D036424BE42B400E77B2A /* pretty_ref.c */; };
		F44D037F24BE42B400E77B2A /* pretty_entity.c in Sources */ = {isa = PBXBuildFile; fileRef = F44D036524BE42B400E77B2A /* pretty_entity.c */; };
		F44D038024BE42B400E77B2A /* pretty_rule.c in Sources */ = {isa = PBXBuildFile; fileRef = F44D036924BE42B400E77B2A /* pretty_rule.c */; };
		F44D038124BE42B400E77B2A /* pretty_loop.c in Sources */ = {isa = PBXBuildFile; fileRef = F44D036A24BE42B400E77B2A /* pretty_loop.c */; };
		F45A2EA925173EA100A9E3C2 /* swift_enum_type.c in Sources */ = {isa = PBXBuildFile; fileRef = F45A2EA825173EA100A9E3C2 /* swift_enum_type.c */; };
		F45A7F8E24D00EEF00669F95 /* swift_statement.c in Sources */ = {isa = PBXBuildFile; fileRef = F45A7F8D24D00EEF00669F95 /* swift_statement.c */; };
		F45D5E7A25B2C6E900CACCF9 /* decompose_expression.c in Sources */ = {isa = PBXBuildFile; fileRef = F45D5E7925B2C6E800CACCF9 /* decompose_expression.c */; };
		F48BF93824C26BB1005B5B0A /* exp2swift_main.c in Sources */ = {isa = PBXBuildFile; fileRef = F48BF93224C26BB1005B5B0A /* exp2swift_main.c */; };
		F48BF93924C26BB1005B5B0A /* swift_schema.c in Sources */ = {isa = PBXBuildFile; fileRef = F48BF93424C26BB1005B5B0A /* swift_schema.c */; };
		F48BF93A24C26BB1005B5B0A /* swift_express.c in Sources */ = {isa = PBXBuildFile; fileRef = F48BF93624C26BB1005B5B0A /* swift_express.c */; };
		F48BF93B24C26BB1005B5B0A /* swift_files.c in Sources */ = {isa = PBXBuildFile; fileRef = F48BF93724C26BB1005B5B0A /* swift_files.c */; };
		F48BF95524C26BFF005B5B0A /* swift_expression.c in Sources */ = {isa = PBXBuildFile; fileRef = F48BF93D24C26BFE005B5B0A /* swift_expression.c */; };
		F48BF95724C26BFF005B5B0A /* swift_scope_algs.c in Sources */ = {isa = PBXBuildFile; fileRef = F48BF94424C26BFE005B5B0A /* swift_scope_algs.c */; };
		F48BF95824C26BFF005B5B0A /* swift_scope_consts.c in Sources */ = {isa = PBXBuildFile; fileRef = F48BF94524C26BFE005B5B0A /* swift_scope_consts.c */; };
		F48BF95924C26BFF005B5B0A /* swift_scope_entities.c in Sources */ = {isa = PBXBuildFile; fileRef = F48BF94624C26BFE005B5B0A /* swift_scope_entities.c */; };
		F48BF95A24C26BFF005B5B0A /* swift_scope_locals.c in Sources */ = {isa = PBXBuildFile; fileRef = F48BF94724C26BFE005B5B0A /* swift_scope_locals.c */; };
		F48BF95B24C26BFF005B5B0A /* swift_scope_types.c in Sources */ = {isa = PBXBuildFile; fileRef = F48BF94B24C26BFE005B5B0A /* swift_scope_types.c */; };
		F48BF95C24C26BFF005B5B0A /* swift_entity.c in Sources */ = {isa = PBXBuildFile; fileRef = F48BF94E24C26BFE005B5B0A /* swift_entity.c */; };
		F48BF95D24C26BFF005B5B0A /* swift_symbol.c in Sources */ = {isa = PBXBuildFile; fileRef = F48BF95024C26BFE005B5B0A /* swift_symbol.c */; };
		F48BF95E24C26BFF005B5B0A /* swift_type.c in Sources */ = {isa = PBXBuildFile; fileRef = F48BF95424C26BFE005B5B0A /* swift_type.c */; };
		F4E728FC25002891007FDFD9 /* swift_select_type.c in Sources */ = {isa = PBXBuildFile; fileRef = F4E728FB25002891007FDFD9 /* swift_select_type.c */; };
/* End PBXBuildFile section */

/* Begin PBXCopyFilesBuildPhase section */
		F44D025024BE402700E77B2A /* CopyFiles */ = {
			isa = PBXCopyFilesBuildPhase;
			buildActionMask = 2147483647;
			dstPath = /usr/share/man/man1/;
			dstSubfolderSpec = 0;
			files = (
			);
			runOnlyForDeploymentPostprocessing = 1;
		};
/* End PBXCopyFilesBuildPhase section */

/* Begin PBXFileReference section */
		F40EE5DC254546AB00F293C3 /* swift_type_alias.h */ = {isa = PBXFileReference; lastKnownFileType = sourcecode.c.h; path = swift_type_alias.h; sourceTree = "<group>"; };
		F40EE5DD254546AB00F293C3 /* swift_type_alias.c */ = {isa = PBXFileReference; lastKnownFileType = sourcecode.c.c; path = swift_type_alias.c; sourceTree = "<group>"; };
		F40EE5E2254546D800F293C3 /* swift_named_aggregate_type.h */ = {isa = PBXFileReference; lastKnownFileType = sourcecode.c.h; path = swift_named_aggregate_type.h; sourceTree = "<group>"; };
		F40EE5E3254546D800F293C3 /* swift_named_aggregate_type.c */ = {isa = PBXFileReference; lastKnownFileType = sourcecode.c.c; path = swift_named_aggregate_type.c; sourceTree = "<group>"; };
		F40EE5E8254546F200F293C3 /* swift_named_simple_type.h */ = {isa = PBXFileReference; lastKnownFileType = sourcecode.c.h; path = swift_named_simple_type.h; sourceTree = "<group>"; };
		F40EE5E9254546F200F293C3 /* swift_named_simple_type.c */ = {isa = PBXFileReference; lastKnownFileType = sourcecode.c.c; path = swift_named_simple_type.c; sourceTree = "<group>"; };
		F42951C626D0F812006107B7 /* Package.swift */ = {isa = PBXFileReference; lastKnownFileType = sourcecode.swift; name = Package.swift; path = ../SwiftAP242PDMkit/Package.swift; sourceTree = "<group>"; };
		F43B6BEE24CD3D6C007493AB /* swift_entity_partial.c */ = {isa = PBXFileReference; lastKnownFileType = sourcecode.c.c; path = swift_entity_partial.c; sourceTree = "<group>"; };
		F43B6BF024CD3E20007493AB /* swift_entity_reference.c */ = {isa = PBXFileReference; lastKnownFileType = sourcecode.c.c; path = swift_entity_reference.c; sourceTree = "<group>"; };
		F43B6BF524CEC040007493AB /* swift_rule.h */ = {isa = PBXFileReference; lastKnownFileType = sourcecode.c.h; path = swift_rule.h; sourceTree = "<group>"; };
		F43B6BF624CEC040007493AB /* swift_rule.c */ = {isa = PBXFileReference; lastKnownFileType = sourcecode.c.c; path = swift_rule.c; sourceTree = "<group>"; };
		F43B6BF824CEC052007493AB /* swift_func.h */ = {isa = PBXFileReference; lastKnownFileType = sourcecode.c.h; path = swift_func.h; sourceTree = "<group>"; };
		F43B6BF924CEC053007493AB /* swift_func.c */ = {isa = PBXFileReference; lastKnownFileType = sourcecode.c.c; path = swift_func.c; sourceTree = "<group>"; };
		F43B6BFB24CEC064007493AB /* swift_proc.h */ = {isa = PBXFileReference; lastKnownFileType = sourcecode.c.h; path = swift_proc.h; sourceTree = "<group>"; };
		F43B6BFC24CEC064007493AB /* swift_proc.c */ = {isa = PBXFileReference; lastKnownFileType = sourcecode.c.c; path = swift_proc.c; sourceTree = "<group>"; };
		F43B6BFF24D0064D007493AB /* swift_algorithm.h */ = {isa = PBXFileReference; lastKnownFileType = sourcecode.c.h; path = swift_algorithm.h; sourceTree = "<group>"; };
		F43B6C0024D0064D007493AB /* swift_algorithm.c */ = {isa = PBXFileReference; lastKnownFileType = sourcecode.c.c; path = swift_algorithm.c; sourceTree = "<group>"; };
		F44D025224BE402700E77B2A /* exp2swift */ = {isa = PBXFileReference; explicitFileType = "compiled.mach-o.executable"; includeInIndex = 0; path = exp2swift; sourceTree = BUILT_PRODUCTS_DIR; };
		F44D02B824BE427C00E77B2A /* sc_trace_fprintf.c */ = {isa = PBXFileReference; fileEncoding = 4; lastKnownFileType = sourcecode.c.c; path = sc_trace_fprintf.c; sourceTree = "<group>"; };
		F44D02B924BE427C00E77B2A /* sc_memmgr.cc */ = {isa = PBXFileReference; fileEncoding = 4; lastKnownFileType = sourcecode.cpp.cpp; path = sc_memmgr.cc; sourceTree = "<group>"; };
		F44D02BA24BE427C00E77B2A /* sc_memmgr.h */ = {isa = PBXFileReference; fileEncoding = 4; lastKnownFileType = sourcecode.c.h; path = sc_memmgr.h; sourceTree = "<group>"; };
		F44D02BB24BE427C00E77B2A /* CMakeLists.txt */ = {isa = PBXFileReference; fileEncoding = 4; lastKnownFileType = text; path = CMakeLists.txt; sourceTree = "<group>"; };
		F44D02BC24BE427C00E77B2A /* sc_mkdir.c */ = {isa = PBXFileReference; fileEncoding = 4; lastKnownFileType = sourcecode.c.c; path = sc_mkdir.c; sourceTree = "<group>"; };
		F44D02BD24BE427C00E77B2A /* sc_getopt.cc */ = {isa = PBXFileReference; fileEncoding = 4; lastKnownFileType = sourcecode.cpp.cpp; path = sc_getopt.cc; sourceTree = "<group>"; };
		F44D02BE24BE427C00E77B2A /* path2str.h */ = {isa = PBXFileReference; fileEncoding = 4; lastKnownFileType = sourcecode.c.h; path = path2str.h; sourceTree = "<group>"; };
		F44D02D624BE427C00E77B2A /* sc_trace_fprintf.h */ = {isa = PBXFileReference; fileEncoding = 4; lastKnownFileType = sourcecode.c.h; path = sc_trace_fprintf.h; sourceTree = "<group>"; };
		F44D02D724BE427C00E77B2A /* sc_getopt.h */ = {isa = PBXFileReference; fileEncoding = 4; lastKnownFileType = sourcecode.c.h; path = sc_getopt.h; sourceTree = "<group>"; };
		F44D02D824BE427C00E77B2A /* sc_mkdir.h */ = {isa = PBXFileReference; fileEncoding = 4; lastKnownFileType = sourcecode.c.h; path = sc_mkdir.h; sourceTree = "<group>"; };
		F44D02D924BE427C00E77B2A /* path2str.c */ = {isa = PBXFileReference; fileEncoding = 4; lastKnownFileType = sourcecode.c.c; path = path2str.c; sourceTree = "<group>"; };
		F44D02DA24BE427C00E77B2A /* sc_nullptr.h */ = {isa = PBXFileReference; fileEncoding = 4; lastKnownFileType = sourcecode.c.h; path = sc_nullptr.h; sourceTree = "<group>"; };
		F44D02DB24BE427C00E77B2A /* sc_strtoull.h */ = {isa = PBXFileReference; fileEncoding = 4; lastKnownFileType = sourcecode.c.h; path = sc_strtoull.h; sourceTree = "<group>"; };
		F44D02DC24BE427C00E77B2A /* sc_benchmark.cc */ = {isa = PBXFileReference; fileEncoding = 4; lastKnownFileType = sourcecode.cpp.cpp; path = sc_benchmark.cc; sourceTree = "<group>"; };
		F44D02DD24BE427C00E77B2A /* sc_benchmark.h */ = {isa = PBXFileReference; fileEncoding = 4; lastKnownFileType = sourcecode.c.h; path = sc_benchmark.h; sourceTree = "<group>"; };
		F44D02EF24BE429E00E77B2A /* verification_info.cmake */ = {isa = PBXFileReference; fileEncoding = 4; lastKnownFileType = text; path = verification_info.cmake; sourceTree = "<group>"; };
		F44D02F024BE429E00E77B2A /* expparse.h */ = {isa = PBXFileReference; fileEncoding = 4; lastKnownFileType = sourcecode.c.h; path = expparse.h; sourceTree = "<group>"; };
		F44D02F124BE429E00E77B2A /* expscan.c */ = {isa = PBXFileReference; fileEncoding = 4; lastKnownFileType = sourcecode.c.c; path = expscan.c; sourceTree = "<group>"; };
		F44D02F224BE429E00E77B2A /* README */ = {isa = PBXFileReference; fileEncoding = 4; lastKnownFileType = text; path = README; sourceTree = "<group>"; };
		F44D02F324BE429E00E77B2A /* expparse.c */ = {isa = PBXFileReference; fileEncoding = 4; lastKnownFileType = sourcecode.c.c; path = expparse.c; sourceTree = "<group>"; };
		F44D02F424BE429E00E77B2A /* expscan.h */ = {isa = PBXFileReference; fileEncoding = 4; lastKnownFileType = sourcecode.c.h; path = expscan.h; sourceTree = "<group>"; };
		F44D02F524BE429E00E77B2A /* dict.c */ = {isa = PBXFileReference; fileEncoding = 4; lastKnownFileType = sourcecode.c.c; path = dict.c; sourceTree = "<group>"; };
		F44D02F624BE429E00E77B2A /* caseitem.c */ = {isa = PBXFileReference; fileEncoding = 4; lastKnownFileType = sourcecode.c.c; path = caseitem.c; sourceTree = "<group>"; };
		F44D02F724BE429E00E77B2A /* alg.c */ = {isa = PBXFileReference; fileEncoding = 4; lastKnownFileType = sourcecode.c.c; path = alg.c; sourceTree = "<group>"; };
		F44D02F824BE429E00E77B2A /* object.c */ = {isa = PBXFileReference; fileEncoding = 4; lastKnownFileType = sourcecode.c.c; path = object.c; sourceTree = "<group>"; };
		F44D02F924BE429E00E77B2A /* memory.c */ = {isa = PBXFileReference; fileEncoding = 4; lastKnownFileType = sourcecode.c.c; path = memory.c; sourceTree = "<group>"; };
		F44D02FA24BE429E00E77B2A /* ordered_attrs.cc */ = {isa = PBXFileReference; fileEncoding = 4; lastKnownFileType = sourcecode.cpp.cpp; path = ordered_attrs.cc; sourceTree = "<group>"; };
		F44D02FB24BE429E00E77B2A /* CMakeLists.txt */ = {isa = PBXFileReference; fileEncoding = 4; lastKnownFileType = text; path = CMakeLists.txt; sourceTree = "<group>"; };
		F44D02FC24BE429E00E77B2A /* linklist.c */ = {isa = PBXFileReference; fileEncoding = 4; lastKnownFileType = sourcecode.c.c; path = linklist.c; sourceTree = "<group>"; };
		F44D030224BE429E00E77B2A /* entity.c */ = {isa = PBXFileReference; fileEncoding = 4; lastKnownFileType = sourcecode.c.c; path = entity.c; sourceTree = "<group>"; };
		F44D030324BE429E00E77B2A /* inithook.c */ = {isa = PBXFileReference; fileEncoding = 4; lastKnownFileType = sourcecode.c.c; path = inithook.c; sourceTree = "<group>"; };
		F44D030424BE429E00E77B2A /* stmt.c */ = {isa = PBXFileReference; fileEncoding = 4; lastKnownFileType = sourcecode.c.c; path = stmt.c; sourceTree = "<group>"; };
		F44D030524BE429E00E77B2A /* info.c */ = {isa = PBXFileReference; fileEncoding = 4; lastKnownFileType = sourcecode.c.c; path = info.c; sourceTree = "<group>"; };
		F44D030624BE429E00E77B2A /* Changes */ = {isa = PBXFileReference; fileEncoding = 4; lastKnownFileType = text; path = Changes; sourceTree = "<group>"; };
		F44D030724BE429E00E77B2A /* parse_data.h */ = {isa = PBXFileReference; fileEncoding = 4; lastKnownFileType = sourcecode.c.h; path = parse_data.h; sourceTree = "<group>"; };
		F44D030824BE429E00E77B2A /* resolve.c */ = {isa = PBXFileReference; fileEncoding = 4; lastKnownFileType = sourcecode.c.c; path = resolve.c; sourceTree = "<group>"; };
		F44D030924BE429E00E77B2A /* fedex.c */ = {isa = PBXFileReference; fileEncoding = 4; lastKnownFileType = sourcecode.c.c; path = fedex.c; sourceTree = "<group>"; };
		F44D030A24BE429E00E77B2A /* expscan.l */ = {isa = PBXFileReference; fileEncoding = 4; indentWidth = 4; lastKnownFileType = sourcecode.lex; path = expscan.l; sourceTree = "<group>"; tabWidth = 4; };
		F44D030B24BE429E00E77B2A /* hash.c */ = {isa = PBXFileReference; fileEncoding = 4; lastKnownFileType = sourcecode.c.c; path = hash.c; sourceTree = "<group>"; };
		F44D030C24BE429E00E77B2A /* scope.c */ = {isa = PBXFileReference; fileEncoding = 4; lastKnownFileType = sourcecode.c.c; path = scope.c; sourceTree = "<group>"; };
		F44D030D24BE429E00E77B2A /* README */ = {isa = PBXFileReference; fileEncoding = 4; lastKnownFileType = text; path = README; sourceTree = "<group>"; };
		F44D030E24BE429E00E77B2A /* token_type.h */ = {isa = PBXFileReference; fileEncoding = 4; lastKnownFileType = sourcecode.c.h; path = token_type.h; sourceTree = "<group>"; };
		F44D030F24BE429E00E77B2A /* type.c */ = {isa = PBXFileReference; fileEncoding = 4; lastKnownFileType = sourcecode.c.c; path = type.c; sourceTree = "<group>"; };
		F44D031024BE429E00E77B2A /* error.c */ = {isa = PBXFileReference; fileEncoding = 4; lastKnownFileType = sourcecode.c.c; path = error.c; sourceTree = "<group>"; };
		F44D031124BE429E00E77B2A /* lexact.c */ = {isa = PBXFileReference; fileEncoding = 4; lastKnownFileType = sourcecode.c.c; path = lexact.c; sourceTree = "<group>"; };
		F44D031224BE429E00E77B2A /* symbol.c */ = {isa = PBXFileReference; fileEncoding = 4; lastKnownFileType = sourcecode.c.c; path = symbol.c; sourceTree = "<group>"; };
		F44D031324BE429E00E77B2A /* stack.h */ = {isa = PBXFileReference; fileEncoding = 4; lastKnownFileType = sourcecode.c.h; path = stack.h; sourceTree = "<group>"; };
		F44D031424BE429E00E77B2A /* expparse.y */ = {isa = PBXFileReference; fileEncoding = 4; lastKnownFileType = sourcecode.yacc; path = expparse.y; sourceTree = "<group>"; };
		F44D031524BE429E00E77B2A /* exp_kw.c */ = {isa = PBXFileReference; fileEncoding = 4; lastKnownFileType = sourcecode.c.c; path = exp_kw.c; sourceTree = "<group>"; };
		F44D031624BE429E00E77B2A /* express.c */ = {isa = PBXFileReference; fileEncoding = 4; lastKnownFileType = sourcecode.c.c; path = express.c; sourceTree = "<group>"; };
		F44D031724BE429E00E77B2A /* expr.c */ = {isa = PBXFileReference; fileEncoding = 4; lastKnownFileType = sourcecode.c.c; path = expr.c; sourceTree = "<group>"; };
		F44D031824BE429E00E77B2A /* variable.c */ = {isa = PBXFileReference; fileEncoding = 4; lastKnownFileType = sourcecode.c.c; path = variable.c; sourceTree = "<group>"; };
		F44D031924BE429E00E77B2A /* schema.c */ = {isa = PBXFileReference; fileEncoding = 4; lastKnownFileType = sourcecode.c.c; path = schema.c; sourceTree = "<group>"; };
		F44D033A24BE42B400E77B2A /* pretty_func.h */ = {isa = PBXFileReference; fileEncoding = 4; lastKnownFileType = sourcecode.c.h; path = pretty_func.h; sourceTree = "<group>"; };
		F44D033B24BE42B400E77B2A /* pretty_case.h */ = {isa = PBXFileReference; fileEncoding = 4; lastKnownFileType = sourcecode.c.h; path = pretty_case.h; sourceTree = "<group>"; };
		F44D033C24BE42B400E77B2A /* pretty_alg.h */ = {isa = PBXFileReference; fileEncoding = 4; lastKnownFileType = sourcecode.c.h; path = pretty_alg.h; sourceTree = "<group>"; };
		F44D033D24BE42B400E77B2A /* pretty_schema.c */ = {isa = PBXFileReference; fileEncoding = 4; lastKnownFileType = sourcecode.c.c; path = pretty_schema.c; sourceTree = "<group>"; };
		F44D033E24BE42B400E77B2A /* pretty_stmt.h */ = {isa = PBXFileReference; fileEncoding = 4; lastKnownFileType = sourcecode.c.h; path = pretty_stmt.h; sourceTree = "<group>"; };
		F44D033F24BE42B400E77B2A /* CMakeLists.txt */ = {isa = PBXFileReference; fileEncoding = 4; lastKnownFileType = text; path = CMakeLists.txt; sourceTree = "<group>"; };
		F44D034024BE42B400E77B2A /* pretty_subtype.c */ = {isa = PBXFileReference; fileEncoding = 4; lastKnownFileType = sourcecode.c.c; path = pretty_subtype.c; sourceTree = "<group>"; };
		F44D034124BE42B400E77B2A /* pretty_express.c */ = {isa = PBXFileReference; fileEncoding = 4; lastKnownFileType = sourcecode.c.c; path = pretty_express.c; sourceTree = "<group>"; };
		F44D034E24BE42B400E77B2A /* pretty_expr.c */ = {isa = PBXFileReference; fileEncoding = 4; lastKnownFileType = sourcecode.c.c; path = pretty_expr.c; sourceTree = "<group>"; };
		F44D034F24BE42B400E77B2A /* pretty_scope.c */ = {isa = PBXFileReference; fileEncoding = 4; lastKnownFileType = sourcecode.c.c; path = pretty_scope.c; sourceTree = "<group>"; };
		F44D035024BE42B400E77B2A /* pretty_entity.h */ = {isa = PBXFileReference; fileEncoding = 4; lastKnownFileType = sourcecode.c.h; path = pretty_entity.h; sourceTree = "<group>"; };
		F44D035124BE42B400E77B2A /* pretty_ref.h */ = {isa = PBXFileReference; fileEncoding = 4; lastKnownFileType = sourcecode.c.h; path = pretty_ref.h; sourceTree = "<group>"; };
		F44D035224BE42B400E77B2A /* pretty_type.c */ = {isa = PBXFileReference; fileEncoding = 4; lastKnownFileType = sourcecode.c.c; path = pretty_type.c; sourceTree = "<group>"; };
		F44D035324BE42B400E77B2A /* pretty_loop.h */ = {isa = PBXFileReference; fileEncoding = 4; lastKnownFileType = sourcecode.c.h; path = pretty_loop.h; sourceTree = "<group>"; };
		F44D035424BE42B400E77B2A /* pretty_rule.h */ = {isa = PBXFileReference; fileEncoding = 4; lastKnownFileType = sourcecode.c.h; path = pretty_rule.h; sourceTree = "<group>"; };
		F44D035524BE42B400E77B2A /* pretty_proc.c */ = {isa = PBXFileReference; fileEncoding = 4; lastKnownFileType = sourcecode.c.c; path = pretty_proc.c; sourceTree = "<group>"; };
		F44D035624BE42B400E77B2A /* README */ = {isa = PBXFileReference; fileEncoding = 4; lastKnownFileType = text; path = README; sourceTree = "<group>"; };
		F44D035724BE42B400E77B2A /* pretty_where.c */ = {isa = PBXFileReference; fileEncoding = 4; lastKnownFileType = sourcecode.c.c; path = pretty_where.c; sourceTree = "<group>"; };
		F44D035824BE42B400E77B2A /* pretty_stmt.c */ = {isa = PBXFileReference; fileEncoding = 4; lastKnownFileType = sourcecode.c.c; path = pretty_stmt.c; sourceTree = "<group>"; };
		F44D035924BE42B400E77B2A /* pretty_schema.h */ = {isa = PBXFileReference; fileEncoding = 4; lastKnownFileType = sourcecode.c.h; path = pretty_schema.h; sourceTree = "<group>"; };
		F44D035A24BE42B400E77B2A /* pretty_alg.c */ = {isa = PBXFileReference; fileEncoding = 4; lastKnownFileType = sourcecode.c.c; path = pretty_alg.c; sourceTree = "<group>"; };
		F44D035B24BE42B400E77B2A /* pretty_case.c */ = {isa = PBXFileReference; fileEncoding = 4; lastKnownFileType = sourcecode.c.c; path = pretty_case.c; sourceTree = "<group>"; };
		F44D035C24BE42B400E77B2A /* pretty_func.c */ = {isa = PBXFileReference; fileEncoding = 4; lastKnownFileType = sourcecode.c.c; path = pretty_func.c; sourceTree = "<group>"; };
		F44D035D24BE42B400E77B2A /* pretty_scope.h */ = {isa = PBXFileReference; fileEncoding = 4; lastKnownFileType = sourcecode.c.h; path = pretty_scope.h; sourceTree = "<group>"; };
		F44D035E24BE42B400E77B2A /* pretty_expr.h */ = {isa = PBXFileReference; fileEncoding = 4; lastKnownFileType = sourcecode.c.h; path = pretty_expr.h; sourceTree = "<group>"; };
		F44D035F24BE42B400E77B2A /* pretty_subtype.h */ = {isa = PBXFileReference; fileEncoding = 4; lastKnownFileType = sourcecode.c.h; path = pretty_subtype.h; sourceTree = "<group>"; };
		F44D036024BE42B400E77B2A /* exppp.c */ = {isa = PBXFileReference; fileEncoding = 4; lastKnownFileType = sourcecode.c.c; path = exppp.c; sourceTree = "<group>"; };
		F44D036124BE42B400E77B2A /* pretty_express.h */ = {isa = PBXFileReference; fileEncoding = 4; lastKnownFileType = sourcecode.c.h; path = pretty_express.h; sourceTree = "<group>"; };
		F44D036224BE42B400E77B2A /* pretty_type.h */ = {isa = PBXFileReference; fileEncoding = 4; lastKnownFileType = sourcecode.c.h; path = pretty_type.h; sourceTree = "<group>"; };
		F44D036324BE42B400E77B2A /* exppp-main.c */ = {isa = PBXFileReference; fileEncoding = 4; lastKnownFileType = sourcecode.c.c; path = "exppp-main.c"; sourceTree = "<group>"; };
		F44D036424BE42B400E77B2A /* pretty_ref.c */ = {isa = PBXFileReference; fileEncoding = 4; lastKnownFileType = sourcecode.c.c; path = pretty_ref.c; sourceTree = "<group>"; };
		F44D036524BE42B400E77B2A /* pretty_entity.c */ = {isa = PBXFileReference; fileEncoding = 4; lastKnownFileType = sourcecode.c.c; path = pretty_entity.c; sourceTree = "<group>"; };
		F44D036624BE42B400E77B2A /* pretty_proc.h */ = {isa = PBXFileReference; fileEncoding = 4; lastKnownFileType = sourcecode.c.h; path = pretty_proc.h; sourceTree = "<group>"; };
		F44D036724BE42B400E77B2A /* pretty_where.h */ = {isa = PBXFileReference; fileEncoding = 4; lastKnownFileType = sourcecode.c.h; path = pretty_where.h; sourceTree = "<group>"; };
		F44D036824BE42B400E77B2A /* pp.h */ = {isa = PBXFileReference; fileEncoding = 4; lastKnownFileType = sourcecode.c.h; path = pp.h; sourceTree = "<group>"; };
		F44D036924BE42B400E77B2A /* pretty_rule.c */ = {isa = PBXFileReference; fileEncoding = 4; lastKnownFileType = sourcecode.c.c; path = pretty_rule.c; sourceTree = "<group>"; };
		F44D036A24BE42B400E77B2A /* pretty_loop.c */ = {isa = PBXFileReference; fileEncoding = 4; lastKnownFileType = sourcecode.c.c; path = pretty_loop.c; sourceTree = "<group>"; };
		F44D038424BE42FD00E77B2A /* type.h */ = {isa = PBXFileReference; fileEncoding = 4; lastKnownFileType = sourcecode.c.h; path = type.h; sourceTree = "<group>"; };
		F44D038524BE42FD00E77B2A /* defstart.h */ = {isa = PBXFileReference; fileEncoding = 4; lastKnownFileType = sourcecode.c.h; path = defstart.h; sourceTree = "<group>"; };
		F44D038624BE42FD00E77B2A /* error.h */ = {isa = PBXFileReference; fileEncoding = 4; lastKnownFileType = sourcecode.c.h; path = error.h; sourceTree = "<group>"; };
		F44D038724BE42FD00E77B2A /* exp_kw.h */ = {isa = PBXFileReference; fileEncoding = 4; lastKnownFileType = sourcecode.c.h; path = exp_kw.h; sourceTree = "<group>"; };
		F44D038824BE42FD00E77B2A /* symbol.h */ = {isa = PBXFileReference; fileEncoding = 4; lastKnownFileType = sourcecode.c.h; path = symbol.h; sourceTree = "<group>"; };
		F44D038924BE42FD00E77B2A /* lexact.h */ = {isa = PBXFileReference; fileEncoding = 4; lastKnownFileType = sourcecode.c.h; path = lexact.h; sourceTree = "<group>"; };
		F44D038A24BE42FD00E77B2A /* express.h */ = {isa = PBXFileReference; fileEncoding = 4; lastKnownFileType = sourcecode.c.h; path = express.h; sourceTree = "<group>"; };
		F44D038B24BE42FD00E77B2A /* schema.h */ = {isa = PBXFileReference; fileEncoding = 4; lastKnownFileType = sourcecode.c.h; path = schema.h; sourceTree = "<group>"; };
		F44D038C24BE42FD00E77B2A /* variable.h */ = {isa = PBXFileReference; fileEncoding = 4; lastKnownFileType = sourcecode.c.h; path = variable.h; sourceTree = "<group>"; };
		F44D038D24BE42FD00E77B2A /* expr.h */ = {isa = PBXFileReference; fileEncoding = 4; lastKnownFileType = sourcecode.c.h; path = expr.h; sourceTree = "<group>"; };
		F44D038E24BE42FD00E77B2A /* alg.h */ = {isa = PBXFileReference; fileEncoding = 4; lastKnownFileType = sourcecode.c.h; path = alg.h; sourceTree = "<group>"; };
		F44D038F24BE42FD00E77B2A /* basic.h */ = {isa = PBXFileReference; fileEncoding = 4; lastKnownFileType = sourcecode.c.h; path = basic.h; sourceTree = "<group>"; };
		F44D039024BE42FD00E77B2A /* caseitem.h */ = {isa = PBXFileReference; fileEncoding = 4; lastKnownFileType = sourcecode.c.h; path = caseitem.h; sourceTree = "<group>"; };
		F44D039124BE42FD00E77B2A /* dict.h */ = {isa = PBXFileReference; fileEncoding = 4; lastKnownFileType = sourcecode.c.h; path = dict.h; sourceTree = "<group>"; };
		F44D039224BE42FD00E77B2A /* entity.h */ = {isa = PBXFileReference; fileEncoding = 4; lastKnownFileType = sourcecode.c.h; path = entity.h; sourceTree = "<group>"; };
		F44D039324BE42FD00E77B2A /* linklist.h */ = {isa = PBXFileReference; fileEncoding = 4; lastKnownFileType = sourcecode.c.h; path = linklist.h; sourceTree = "<group>"; };
		F44D039424BE42FD00E77B2A /* memory.h */ = {isa = PBXFileReference; fileEncoding = 4; lastKnownFileType = sourcecode.c.h; path = memory.h; sourceTree = "<group>"; };
		F44D039524BE42FD00E77B2A /* object.h */ = {isa = PBXFileReference; fileEncoding = 4; lastKnownFileType = sourcecode.c.h; path = object.h; sourceTree = "<group>"; };
		F44D039624BE42FD00E77B2A /* resolve.h */ = {isa = PBXFileReference; fileEncoding = 4; lastKnownFileType = sourcecode.c.h; path = resolve.h; sourceTree = "<group>"; };
		F44D039724BE42FD00E77B2A /* info.h */ = {isa = PBXFileReference; fileEncoding = 4; lastKnownFileType = sourcecode.c.h; path = info.h; sourceTree = "<group>"; };
		F44D039824BE42FD00E77B2A /* stmt.h */ = {isa = PBXFileReference; fileEncoding = 4; lastKnownFileType = sourcecode.c.h; path = stmt.h; sourceTree = "<group>"; };
		F44D039924BE42FD00E77B2A /* expbasic.h */ = {isa = PBXFileReference; fileEncoding = 4; lastKnownFileType = sourcecode.c.h; path = expbasic.h; sourceTree = "<group>"; };
		F44D039A24BE42FD00E77B2A /* scope.h */ = {isa = PBXFileReference; fileEncoding = 4; lastKnownFileType = sourcecode.c.h; path = scope.h; sourceTree = "<group>"; };
		F44D039B24BE42FD00E77B2A /* hash.h */ = {isa = PBXFileReference; fileEncoding = 4; lastKnownFileType = sourcecode.c.h; path = hash.h; sourceTree = "<group>"; };
		F44D039C24BE42FD00E77B2A /* decstart.h */ = {isa = PBXFileReference; fileEncoding = 4; lastKnownFileType = sourcecode.c.h; path = decstart.h; sourceTree = "<group>"; };
		F44D039D24BE42FD00E77B2A /* de_end.h */ = {isa = PBXFileReference; fileEncoding = 4; lastKnownFileType = sourcecode.c.h; path = de_end.h; sourceTree = "<group>"; };
		F44D039F24BE42FE00E77B2A /* exppp.h */ = {isa = PBXFileReference; fileEncoding = 4; lastKnownFileType = sourcecode.c.h; path = exppp.h; sourceTree = "<group>"; };
		F455D4F324EC73F7004C5320 /* schema */ = {isa = PBXFileReference; lastKnownFileType = folder; path = schema; sourceTree = "<group>"; };
		F45A2EA725173EA100A9E3C2 /* swift_enum_type.h */ = {isa = PBXFileReference; lastKnownFileType = sourcecode.c.h; path = swift_enum_type.h; sourceTree = "<group>"; };
		F45A2EA825173EA100A9E3C2 /* swift_enum_type.c */ = {isa = PBXFileReference; lastKnownFileType = sourcecode.c.c; path = swift_enum_type.c; sourceTree = "<group>"; };
		F45A2EAA25188A1300A9E3C2 /* builtin.h */ = {isa = PBXFileReference; lastKnownFileType = sourcecode.c.h; path = builtin.h; sourceTree = "<group>"; };
		F45A7F8C24D00EEF00669F95 /* swift_statement.h */ = {isa = PBXFileReference; lastKnownFileType = sourcecode.c.h; path = swift_statement.h; sourceTree = "<group>"; };
		F45A7F8D24D00EEF00669F95 /* swift_statement.c */ = {isa = PBXFileReference; lastKnownFileType = sourcecode.c.c; path = swift_statement.c; sourceTree = "<group>"; };
		F45D5E7825B2C6E800CACCF9 /* decompose_expression.h */ = {isa = PBXFileReference; lastKnownFileType = sourcecode.c.h; path = decompose_expression.h; sourceTree = "<group>"; };
		F45D5E7925B2C6E800CACCF9 /* decompose_expression.c */ = {isa = PBXFileReference; lastKnownFileType = sourcecode.c.c; path = decompose_expression.c; sourceTree = "<group>"; };
		F474A05826D0ECEE000E6EEB /* SwiftAP242PDMkit */ = {isa = PBXFileReference; lastKnownFileType = folder; name = SwiftAP242PDMkit; path = ../SwiftAP242PDMkit; sourceTree = "<group>"; };
		F474A06026D0EDC1000E6EEB /* SwiftSDAIap242 */ = {isa = PBXFileReference; lastKnownFileType = folder; name = SwiftSDAIap242; path = ../SwiftSDAIap242; sourceTree = "<group>"; };
		F48BF91E24C07A2B005B5B0A /* ordered_attrs.h */ = {isa = PBXFileReference; lastKnownFileType = sourcecode.c.h; path = ordered_attrs.h; sourceTree = "<group>"; };
		F48BF91F24C07A2B005B5B0A /* sc_export.h */ = {isa = PBXFileReference; lastKnownFileType = sourcecode.c.h; path = sc_export.h; sourceTree = "<group>"; };
		F48BF92024C07A2C005B5B0A /* sc_stdbool.h */ = {isa = PBXFileReference; lastKnownFileType = sourcecode.c.h; path = sc_stdbool.h; sourceTree = "<group>"; };
		F48BF92124C07A78005B5B0A /* sc_version_string.h */ = {isa = PBXFileReference; fileEncoding = 4; lastKnownFileType = sourcecode.c.h; path = sc_version_string.h; sourceTree = "<group>"; };
		F48BF92224C07A78005B5B0A /* sc_cf.h */ = {isa = PBXFileReference; fileEncoding = 4; lastKnownFileType = sourcecode.c.h; path = sc_cf.h; sourceTree = "<group>"; };
		F48BF93124C26BB0005B5B0A /* swift_schema.h */ = {isa = PBXFileReference; fileEncoding = 4; lastKnownFileType = sourcecode.c.h; path = swift_schema.h; sourceTree = "<group>"; };
		F48BF93224C26BB1005B5B0A /* exp2swift_main.c */ = {isa = PBXFileReference; fileEncoding = 4; lastKnownFileType = sourcecode.c.c; path = exp2swift_main.c; sourceTree = "<group>"; };
		F48BF93324C26BB1005B5B0A /* swift_files.h */ = {isa = PBXFileReference; fileEncoding = 4; lastKnownFileType = sourcecode.c.h; path = swift_files.h; sourceTree = "<group>"; };
		F48BF93424C26BB1005B5B0A /* swift_schema.c */ = {isa = PBXFileReference; fileEncoding = 4; lastKnownFileType = sourcecode.c.c; path = swift_schema.c; sourceTree = "<group>"; };
		F48BF93524C26BB1005B5B0A /* swift_express.h */ = {isa = PBXFileReference; fileEncoding = 4; lastKnownFileType = sourcecode.c.h; path = swift_express.h; sourceTree = "<group>"; };
		F48BF93624C26BB1005B5B0A /* swift_express.c */ = {isa = PBXFileReference; fileEncoding = 4; lastKnownFileType = sourcecode.c.c; path = swift_express.c; sourceTree = "<group>"; };
		F48BF93724C26BB1005B5B0A /* swift_files.c */ = {isa = PBXFileReference; fileEncoding = 4; lastKnownFileType = sourcecode.c.c; path = swift_files.c; sourceTree = "<group>"; };
		F48BF93D24C26BFE005B5B0A /* swift_expression.c */ = {isa = PBXFileReference; fileEncoding = 4; lastKnownFileType = sourcecode.c.c; path = swift_expression.c; sourceTree = "<group>"; };
		F48BF93E24C26BFE005B5B0A /* swift_expression.h */ = {isa = PBXFileReference; fileEncoding = 4; lastKnownFileType = sourcecode.c.h; path = swift_expression.h; sourceTree = "<group>"; };
		F48BF94124C26BFE005B5B0A /* swift_scope_locals.h */ = {isa = PBXFileReference; fileEncoding = 4; lastKnownFileType = sourcecode.c.h; path = swift_scope_locals.h; sourceTree = "<group>"; };
		F48BF94224C26BFE005B5B0A /* swift_scope_entities.h */ = {isa = PBXFileReference; fileEncoding = 4; lastKnownFileType = sourcecode.c.h; path = swift_scope_entities.h; sourceTree = "<group>"; };
		F48BF94324C26BFE005B5B0A /* swift_scope_types.h */ = {isa = PBXFileReference; fileEncoding = 4; lastKnownFileType = sourcecode.c.h; path = swift_scope_types.h; sourceTree = "<group>"; };
		F48BF94424C26BFE005B5B0A /* swift_scope_algs.c */ = {isa = PBXFileReference; fileEncoding = 4; lastKnownFileType = sourcecode.c.c; path = swift_scope_algs.c; sourceTree = "<group>"; };
		F48BF94524C26BFE005B5B0A /* swift_scope_consts.c */ = {isa = PBXFileReference; fileEncoding = 4; lastKnownFileType = sourcecode.c.c; path = swift_scope_consts.c; sourceTree = "<group>"; };
		F48BF94624C26BFE005B5B0A /* swift_scope_entities.c */ = {isa = PBXFileReference; fileEncoding = 4; lastKnownFileType = sourcecode.c.c; path = swift_scope_entities.c; sourceTree = "<group>"; };
		F48BF94724C26BFE005B5B0A /* swift_scope_locals.c */ = {isa = PBXFileReference; fileEncoding = 4; lastKnownFileType = sourcecode.c.c; path = swift_scope_locals.c; sourceTree = "<group>"; };
		F48BF94924C26BFE005B5B0A /* swift_scope_consts.h */ = {isa = PBXFileReference; fileEncoding = 4; lastKnownFileType = sourcecode.c.h; path = swift_scope_consts.h; sourceTree = "<group>"; };
		F48BF94A24C26BFE005B5B0A /* swift_scope_algs.h */ = {isa = PBXFileReference; fileEncoding = 4; lastKnownFileType = sourcecode.c.h; path = swift_scope_algs.h; sourceTree = "<group>"; };
		F48BF94B24C26BFE005B5B0A /* swift_scope_types.c */ = {isa = PBXFileReference; fileEncoding = 4; lastKnownFileType = sourcecode.c.c; path = swift_scope_types.c; sourceTree = "<group>"; };
		F48BF94D24C26BFE005B5B0A /* swift_entity.h */ = {isa = PBXFileReference; fileEncoding = 4; lastKnownFileType = sourcecode.c.h; path = swift_entity.h; sourceTree = "<group>"; };
		F48BF94E24C26BFE005B5B0A /* swift_entity.c */ = {isa = PBXFileReference; fileEncoding = 4; lastKnownFileType = sourcecode.c.c; path = swift_entity.c; sourceTree = "<group>"; };
		F48BF95024C26BFE005B5B0A /* swift_symbol.c */ = {isa = PBXFileReference; fileEncoding = 4; lastKnownFileType = sourcecode.c.c; path = swift_symbol.c; sourceTree = "<group>"; };
		F48BF95124C26BFE005B5B0A /* swift_symbol.h */ = {isa = PBXFileReference; fileEncoding = 4; lastKnownFileType = sourcecode.c.h; path = swift_symbol.h; sourceTree = "<group>"; };
		F48BF95324C26BFE005B5B0A /* swift_type.h */ = {isa = PBXFileReference; fileEncoding = 4; lastKnownFileType = sourcecode.c.h; path = swift_type.h; sourceTree = "<group>"; };
		F48BF95424C26BFE005B5B0A /* swift_type.c */ = {isa = PBXFileReference; fileEncoding = 4; lastKnownFileType = sourcecode.c.c; path = swift_type.c; sourceTree = "<group>"; };
		F4A35135270E4B2D0020434A /* LICENSE */ = {isa = PBXFileReference; lastKnownFileType = text; path = LICENSE; sourceTree = "<group>"; };
		F4B644C926C7B19800C1C43C /* SwiftSDAIcore */ = {isa = PBXFileReference; lastKnownFileType = folder; name = SwiftSDAIcore; path = ../SwiftSDAIcore; sourceTree = "<group>"; };
		F4C0F1492743BFD100EC7C18 /* README.md */ = {isa = PBXFileReference; lastKnownFileType = net.daringfireball.markdown; path = README.md; sourceTree = "<group>"; };
		F4C0F14A2743BFD100EC7C18 /* CONTRIBUTING.md */ = {isa = PBXFileReference; lastKnownFileType = net.daringfireball.markdown; path = CONTRIBUTING.md; sourceTree = "<group>"; };
		F4C0F14B2743BFD200EC7C18 /* AUTHORS */ = {isa = PBXFileReference; lastKnownFileType = text; path = AUTHORS; sourceTree = "<group>"; };
		F4C0F14C2743BFD200EC7C18 /* ChangeLog */ = {isa = PBXFileReference; lastKnownFileType = text; path = ChangeLog; sourceTree = "<group>"; };
		F4C0F14D2743BFD300EC7C18 /* COPYING */ = {isa = PBXFileReference; lastKnownFileType = text; path = COPYING; sourceTree = "<group>"; };
		F4C0F14E2743C01400EC7C18 /* INTENT.md */ = {isa = PBXFileReference; lastKnownFileType = net.daringfireball.markdown; path = INTENT.md; sourceTree = "<group>"; };
		F4C0F14F2743C04900EC7C18 /* NEWS */ = {isa = PBXFileReference; lastKnownFileType = text; path = NEWS; sourceTree = "<group>"; };
		F4C0F1502743C07400EC7C18 /* SC_VERSION.txt */ = {isa = PBXFileReference; lastKnownFileType = text; path = SC_VERSION.txt; sourceTree = "<group>"; };
		F4C0F1532746E97000EC7C18 /* README.md */ = {isa = PBXFileReference; lastKnownFileType = net.daringfireball.markdown; path = README.md; sourceTree = "<group>"; };
		F4E728FA25002891007FDFD9 /* swift_select_type.h */ = {isa = PBXFileReference; lastKnownFileType = sourcecode.c.h; path = swift_select_type.h; sourceTree = "<group>"; };
		F4E728FB25002891007FDFD9 /* swift_select_type.c */ = {isa = PBXFileReference; lastKnownFileType = sourcecode.c.c; path = swift_select_type.c; sourceTree = "<group>"; };
/* End PBXFileReference section */

/* Begin PBXFrameworksBuildPhase section */
		F44D024F24BE402700E77B2A /* Frameworks */ = {
			isa = PBXFrameworksBuildPhase;
			buildActionMask = 2147483647;
			files = (
			);
			runOnlyForDeploymentPostprocessing = 0;
		};
/* End PBXFrameworksBuildPhase section */

/* Begin PBXGroup section */
		F43B6BF224CEBFA3007493AB /* rule */ = {
			isa = PBXGroup;
			children = (
				F43B6BF524CEC040007493AB /* swift_rule.h */,
				F43B6BF624CEC040007493AB /* swift_rule.c */,
			);
			path = rule;
			sourceTree = "<group>";
		};
		F43B6BF324CEBFBB007493AB /* func */ = {
			isa = PBXGroup;
			children = (
				F43B6BF824CEC052007493AB /* swift_func.h */,
				F43B6BF924CEC053007493AB /* swift_func.c */,
			);
			path = func;
			sourceTree = "<group>";
		};
		F43B6BF424CEBFC6007493AB /* proc */ = {
			isa = PBXGroup;
			children = (
				F43B6BFB24CEC064007493AB /* swift_proc.h */,
				F43B6BFC24CEC064007493AB /* swift_proc.c */,
			);
			path = proc;
			sourceTree = "<group>";
		};
		F43B6BFE24D00595007493AB /* algorithm */ = {
			isa = PBXGroup;
			children = (
				F43B6BF224CEBFA3007493AB /* rule */,
				F43B6BF324CEBFBB007493AB /* func */,
				F43B6BF424CEBFC6007493AB /* proc */,
				F43B6BFF24D0064D007493AB /* swift_algorithm.h */,
				F43B6C0024D0064D007493AB /* swift_algorithm.c */,
				F45A7F8C24D00EEF00669F95 /* swift_statement.h */,
				F45A7F8D24D00EEF00669F95 /* swift_statement.c */,
			);
			path = algorithm;
			sourceTree = "<group>";
		};
		F44D023B24BE3FDA00E77B2A = {
			isa = PBXGroup;
			children = (
				F4C0F1532746E97000EC7C18 /* README.md */,
				F4A35135270E4B2D0020434A /* LICENSE */,
				F44D025324BE402700E77B2A /* exp2swift */,
				F455D4F324EC73F7004C5320 /* schema */,
				F44D025924BE40B600E77B2A /* stepcode */,
				F44D024524BE3FDA00E77B2A /* Products */,
				F45A7F8F24E3B24700669F95 /* Frameworks */,
			);
			sourceTree = "<group>";
		};
		F44D024524BE3FDA00E77B2A /* Products */ = {
			isa = PBXGroup;
			children = (
				F44D025224BE402700E77B2A /* exp2swift */,
			);
			name = Products;
			sourceTree = "<group>";
		};
		F44D025324BE402700E77B2A /* exp2swift */ = {
			isa = PBXGroup;
			children = (
				F48BF92224C07A78005B5B0A /* sc_cf.h */,
				F48BF92124C07A78005B5B0A /* sc_version_string.h */,
				F48BF93224C26BB1005B5B0A /* exp2swift_main.c */,
				F48BF93624C26BB1005B5B0A /* swift_express.c */,
				F48BF93524C26BB1005B5B0A /* swift_express.h */,
				F48BF93724C26BB1005B5B0A /* swift_files.c */,
				F48BF93324C26BB1005B5B0A /* swift_files.h */,
				F48BF93424C26BB1005B5B0A /* swift_schema.c */,
				F48BF93124C26BB0005B5B0A /* swift_schema.h */,
				F43B6BFE24D00595007493AB /* algorithm */,
				F48BF94C24C26BFE005B5B0A /* entity */,
				F48BF93C24C26BFE005B5B0A /* expression */,
				F48BF93F24C26BFE005B5B0A /* scope */,
				F48BF94F24C26BFE005B5B0A /* symbol */,
				F48BF95224C26BFE005B5B0A /* type */,
			);
			path = exp2swift;
			sourceTree = "<group>";
		};
		F44D025924BE40B600E77B2A /* stepcode */ = {
			isa = PBXGroup;
			children = (
				F4C0F1502743C07400EC7C18 /* SC_VERSION.txt */,
				F4C0F14F2743C04900EC7C18 /* NEWS */,
				F4C0F14E2743C01400EC7C18 /* INTENT.md */,
				F4C0F14B2743BFD200EC7C18 /* AUTHORS */,
				F4C0F14C2743BFD200EC7C18 /* ChangeLog */,
				F4C0F14A2743BFD100EC7C18 /* CONTRIBUTING.md */,
				F4C0F14D2743BFD300EC7C18 /* COPYING */,
				F4C0F1492743BFD100EC7C18 /* README.md */,
				F44D038224BE42DE00E77B2A /* include */,
				F44D02B624BE424600E77B2A /* src */,
			);
			path = stepcode;
			sourceTree = "<group>";
		};
		F44D02B624BE424600E77B2A /* src */ = {
			isa = PBXGroup;
			children = (
				F44D02B724BE427C00E77B2A /* base */,
				F44D02ED24BE429E00E77B2A /* express */,
				F44D033924BE42B400E77B2A /* exppp */,
			);
			path = src;
			sourceTree = "<group>";
		};
		F44D02B724BE427C00E77B2A /* base */ = {
			isa = PBXGroup;
			children = (
				F44D02B824BE427C00E77B2A /* sc_trace_fprintf.c */,
				F44D02B924BE427C00E77B2A /* sc_memmgr.cc */,
				F44D02BA24BE427C00E77B2A /* sc_memmgr.h */,
				F44D02BB24BE427C00E77B2A /* CMakeLists.txt */,
				F44D02BC24BE427C00E77B2A /* sc_mkdir.c */,
				F44D02BD24BE427C00E77B2A /* sc_getopt.cc */,
				F44D02BE24BE427C00E77B2A /* path2str.h */,
				F44D02D624BE427C00E77B2A /* sc_trace_fprintf.h */,
				F44D02D724BE427C00E77B2A /* sc_getopt.h */,
				F44D02D824BE427C00E77B2A /* sc_mkdir.h */,
				F44D02D924BE427C00E77B2A /* path2str.c */,
				F44D02DA24BE427C00E77B2A /* sc_nullptr.h */,
				F44D02DB24BE427C00E77B2A /* sc_strtoull.h */,
				F44D02DC24BE427C00E77B2A /* sc_benchmark.cc */,
				F44D02DD24BE427C00E77B2A /* sc_benchmark.h */,
			);
			path = base;
			sourceTree = "<group>";
		};
		F44D02ED24BE429E00E77B2A /* express */ = {
			isa = PBXGroup;
			children = (
				F44D030D24BE429E00E77B2A /* README */,
				F44D031424BE429E00E77B2A /* expparse.y */,
				F44D030A24BE429E00E77B2A /* expscan.l */,
				F44D02EE24BE429E00E77B2A /* generated */,
				F44D02F724BE429E00E77B2A /* alg.c */,
				F44D02F624BE429E00E77B2A /* caseitem.c */,
				F44D030624BE429E00E77B2A /* Changes */,
				F44D02FB24BE429E00E77B2A /* CMakeLists.txt */,
				F44D02F524BE429E00E77B2A /* dict.c */,
				F44D030224BE429E00E77B2A /* entity.c */,
				F44D031024BE429E00E77B2A /* error.c */,
				F44D031524BE429E00E77B2A /* exp_kw.c */,
				F44D031724BE429E00E77B2A /* expr.c */,
				F44D031624BE429E00E77B2A /* express.c */,
				F44D030924BE429E00E77B2A /* fedex.c */,
				F44D030B24BE429E00E77B2A /* hash.c */,
				F44D030524BE429E00E77B2A /* info.c */,
				F44D030324BE429E00E77B2A /* inithook.c */,
				F44D031124BE429E00E77B2A /* lexact.c */,
				F44D02FC24BE429E00E77B2A /* linklist.c */,
				F44D02F924BE429E00E77B2A /* memory.c */,
				F44D02F824BE429E00E77B2A /* object.c */,
				F44D02FA24BE429E00E77B2A /* ordered_attrs.cc */,
				F44D030724BE429E00E77B2A /* parse_data.h */,
				F44D030824BE429E00E77B2A /* resolve.c */,
				F44D031924BE429E00E77B2A /* schema.c */,
				F44D030C24BE429E00E77B2A /* scope.c */,
				F44D031324BE429E00E77B2A /* stack.h */,
				F44D030424BE429E00E77B2A /* stmt.c */,
				F44D031224BE429E00E77B2A /* symbol.c */,
				F44D030E24BE429E00E77B2A /* token_type.h */,
				F44D030F24BE429E00E77B2A /* type.c */,
				F44D031824BE429E00E77B2A /* variable.c */,
			);
			path = express;
			sourceTree = "<group>";
		};
		F44D02EE24BE429E00E77B2A /* generated */ = {
			isa = PBXGroup;
			children = (
				F44D02EF24BE429E00E77B2A /* verification_info.cmake */,
				F44D02F024BE429E00E77B2A /* expparse.h */,
				F44D02F124BE429E00E77B2A /* expscan.c */,
				F44D02F224BE429E00E77B2A /* README */,
				F44D02F324BE429E00E77B2A /* expparse.c */,
				F44D02F424BE429E00E77B2A /* expscan.h */,
			);
			path = generated;
			sourceTree = "<group>";
		};
		F44D033924BE42B400E77B2A /* exppp */ = {
			isa = PBXGroup;
			children = (
				F44D033F24BE42B400E77B2A /* CMakeLists.txt */,
				F44D036324BE42B400E77B2A /* exppp-main.c */,
				F44D036024BE42B400E77B2A /* exppp.c */,
				F44D036824BE42B400E77B2A /* pp.h */,
				F44D035A24BE42B400E77B2A /* pretty_alg.c */,
				F44D033C24BE42B400E77B2A /* pretty_alg.h */,
				F44D035B24BE42B400E77B2A /* pretty_case.c */,
				F44D033B24BE42B400E77B2A /* pretty_case.h */,
				F44D036524BE42B400E77B2A /* pretty_entity.c */,
				F44D035024BE42B400E77B2A /* pretty_entity.h */,
				F44D034E24BE42B400E77B2A /* pretty_expr.c */,
				F44D035E24BE42B400E77B2A /* pretty_expr.h */,
				F44D034124BE42B400E77B2A /* pretty_express.c */,
				F44D036124BE42B400E77B2A /* pretty_express.h */,
				F44D035C24BE42B400E77B2A /* pretty_func.c */,
				F44D033A24BE42B400E77B2A /* pretty_func.h */,
				F44D036A24BE42B400E77B2A /* pretty_loop.c */,
				F44D035324BE42B400E77B2A /* pretty_loop.h */,
				F44D035524BE42B400E77B2A /* pretty_proc.c */,
				F44D036624BE42B400E77B2A /* pretty_proc.h */,
				F44D036424BE42B400E77B2A /* pretty_ref.c */,
				F44D035124BE42B400E77B2A /* pretty_ref.h */,
				F44D036924BE42B400E77B2A /* pretty_rule.c */,
				F44D035424BE42B400E77B2A /* pretty_rule.h */,
				F44D033D24BE42B400E77B2A /* pretty_schema.c */,
				F44D035924BE42B400E77B2A /* pretty_schema.h */,
				F44D034F24BE42B400E77B2A /* pretty_scope.c */,
				F44D035D24BE42B400E77B2A /* pretty_scope.h */,
				F44D035824BE42B400E77B2A /* pretty_stmt.c */,
				F44D033E24BE42B400E77B2A /* pretty_stmt.h */,
				F44D034024BE42B400E77B2A /* pretty_subtype.c */,
				F44D035F24BE42B400E77B2A /* pretty_subtype.h */,
				F44D035224BE42B400E77B2A /* pretty_type.c */,
				F44D036224BE42B400E77B2A /* pretty_type.h */,
				F44D035724BE42B400E77B2A /* pretty_where.c */,
				F44D036724BE42B400E77B2A /* pretty_where.h */,
				F44D035624BE42B400E77B2A /* README */,
			);
			path = exppp;
			sourceTree = "<group>";
		};
		F44D038224BE42DE00E77B2A /* include */ = {
			isa = PBXGroup;
			children = (
				F48BF91E24C07A2B005B5B0A /* ordered_attrs.h */,
				F48BF91F24C07A2B005B5B0A /* sc_export.h */,
				F48BF92024C07A2C005B5B0A /* sc_stdbool.h */,
				F44D039E24BE42FE00E77B2A /* exppp */,
				F44D038324BE42FD00E77B2A /* express */,
			);
			path = include;
			sourceTree = "<group>";
		};
		F44D038324BE42FD00E77B2A /* express */ = {
			isa = PBXGroup;
			children = (
				F44D038E24BE42FD00E77B2A /* alg.h */,
				F44D038F24BE42FD00E77B2A /* basic.h */,
				F44D039024BE42FD00E77B2A /* caseitem.h */,
				F44D039D24BE42FD00E77B2A /* de_end.h */,
				F44D039C24BE42FD00E77B2A /* decstart.h */,
				F44D038524BE42FD00E77B2A /* defstart.h */,
				F44D039124BE42FD00E77B2A /* dict.h */,
				F44D039224BE42FD00E77B2A /* entity.h */,
				F44D038624BE42FD00E77B2A /* error.h */,
				F44D038724BE42FD00E77B2A /* exp_kw.h */,
				F44D039924BE42FD00E77B2A /* expbasic.h */,
				F44D038D24BE42FD00E77B2A /* expr.h */,
				F44D038A24BE42FD00E77B2A /* express.h */,
				F44D039B24BE42FD00E77B2A /* hash.h */,
				F44D039724BE42FD00E77B2A /* info.h */,
				F44D038924BE42FD00E77B2A /* lexact.h */,
				F44D039324BE42FD00E77B2A /* linklist.h */,
				F44D039424BE42FD00E77B2A /* memory.h */,
				F44D039524BE42FD00E77B2A /* object.h */,
				F44D039624BE42FD00E77B2A /* resolve.h */,
				F44D038B24BE42FD00E77B2A /* schema.h */,
				F44D039A24BE42FD00E77B2A /* scope.h */,
				F44D039824BE42FD00E77B2A /* stmt.h */,
				F44D038824BE42FD00E77B2A /* symbol.h */,
				F44D038424BE42FD00E77B2A /* type.h */,
				F44D038C24BE42FD00E77B2A /* variable.h */,
				F45A2EAA25188A1300A9E3C2 /* builtin.h */,
			);
			path = express;
			sourceTree = "<group>";
		};
		F44D039E24BE42FE00E77B2A /* exppp */ = {
			isa = PBXGroup;
			children = (
				F44D039F24BE42FE00E77B2A /* exppp.h */,
			);
			path = exppp;
			sourceTree = "<group>";
		};
		F45A7F8F24E3B24700669F95 /* Frameworks */ = {
			isa = PBXGroup;
			children = (
				F42951C626D0F812006107B7 /* Package.swift */,
				F474A06026D0EDC1000E6EEB /* SwiftSDAIap242 */,
				F474A05826D0ECEE000E6EEB /* SwiftAP242PDMkit */,
				F4B644C926C7B19800C1C43C /* SwiftSDAIcore */,
			);
			name = Frameworks;
			sourceTree = "<group>";
		};
		F48BF93C24C26BFE005B5B0A /* expression */ = {
			isa = PBXGroup;
			children = (
				F48BF93D24C26BFE005B5B0A /* swift_expression.c */,
				F48BF93E24C26BFE005B5B0A /* swift_expression.h */,
				F45D5E7825B2C6E800CACCF9 /* decompose_expression.h */,
				F45D5E7925B2C6E800CACCF9 /* decompose_expression.c */,
			);
			path = expression;
			sourceTree = "<group>";
		};
		F48BF93F24C26BFE005B5B0A /* scope */ = {
			isa = PBXGroup;
			children = (
				F48BF94424C26BFE005B5B0A /* swift_scope_algs.c */,
				F48BF94A24C26BFE005B5B0A /* swift_scope_algs.h */,
				F48BF94524C26BFE005B5B0A /* swift_scope_consts.c */,
				F48BF94924C26BFE005B5B0A /* swift_scope_consts.h */,
				F48BF94624C26BFE005B5B0A /* swift_scope_entities.c */,
				F48BF94224C26BFE005B5B0A /* swift_scope_entities.h */,
				F48BF94724C26BFE005B5B0A /* swift_scope_locals.c */,
				F48BF94124C26BFE005B5B0A /* swift_scope_locals.h */,
				F48BF94B24C26BFE005B5B0A /* swift_scope_types.c */,
				F48BF94324C26BFE005B5B0A /* swift_scope_types.h */,
			);
			path = scope;
			sourceTree = "<group>";
		};
		F48BF94C24C26BFE005B5B0A /* entity */ = {
			isa = PBXGroup;
			children = (
				F48BF94D24C26BFE005B5B0A /* swift_entity.h */,
				F48BF94E24C26BFE005B5B0A /* swift_entity.c */,
				F43B6BEE24CD3D6C007493AB /* swift_entity_partial.c */,
				F43B6BF024CD3E20007493AB /* swift_entity_reference.c */,
			);
			path = entity;
			sourceTree = "<group>";
		};
		F48BF94F24C26BFE005B5B0A /* symbol */ = {
			isa = PBXGroup;
			children = (
				F48BF95024C26BFE005B5B0A /* swift_symbol.c */,
				F48BF95124C26BFE005B5B0A /* swift_symbol.h */,
			);
			path = symbol;
			sourceTree = "<group>";
		};
		F48BF95224C26BFE005B5B0A /* type */ = {
			isa = PBXGroup;
			children = (
				F48BF95324C26BFE005B5B0A /* swift_type.h */,
				F48BF95424C26BFE005B5B0A /* swift_type.c */,
				F4E728FA25002891007FDFD9 /* swift_select_type.h */,
				F4E728FB25002891007FDFD9 /* swift_select_type.c */,
				F45A2EA725173EA100A9E3C2 /* swift_enum_type.h */,
				F45A2EA825173EA100A9E3C2 /* swift_enum_type.c */,
				F40EE5DC254546AB00F293C3 /* swift_type_alias.h */,
				F40EE5DD254546AB00F293C3 /* swift_type_alias.c */,
				F40EE5E2254546D800F293C3 /* swift_named_aggregate_type.h */,
				F40EE5E3254546D800F293C3 /* swift_named_aggregate_type.c */,
				F40EE5E8254546F200F293C3 /* swift_named_simple_type.h */,
				F40EE5E9254546F200F293C3 /* swift_named_simple_type.c */,
			);
			path = type;
			sourceTree = "<group>";
		};
/* End PBXGroup section */

/* Begin PBXNativeTarget section */
		F44D025124BE402700E77B2A /* exp2swift */ = {
			isa = PBXNativeTarget;
			buildConfigurationList = F44D025624BE402700E77B2A /* Build configuration list for PBXNativeTarget "exp2swift" */;
			buildPhases = (
				F44D024E24BE402700E77B2A /* Sources */,
				F44D024F24BE402700E77B2A /* Frameworks */,
				F44D025024BE402700E77B2A /* CopyFiles */,
			);
			buildRules = (
			);
			dependencies = (
			);
			name = exp2swift;
			packageProductDependencies = (
			);
			productName = exp2swift;
			productReference = F44D025224BE402700E77B2A /* exp2swift */;
			productType = "com.apple.product-type.tool";
		};
/* End PBXNativeTarget section */

/* Begin PBXProject section */
		F44D023C24BE3FDA00E77B2A /* Project object */ = {
			isa = PBXProject;
			attributes = {
				LastSwiftUpdateCheck = 1240;
				LastUpgradeCheck = 1240;
				ORGANIZATIONNAME = "Minokamo, Japan";
				TargetAttributes = {
					F44D025124BE402700E77B2A = {
						CreatedOnToolsVersion = 11.5;
					};
				};
			};
			buildConfigurationList = F44D023F24BE3FDA00E77B2A /* Build configuration list for PBXProject "STEPswiftcode" */;
			compatibilityVersion = "Xcode 9.3";
			developmentRegion = en;
			hasScannedForEncodings = 0;
			knownRegions = (
				en,
				Base,
			);
			mainGroup = F44D023B24BE3FDA00E77B2A;
			packageReferences = (
				F4245F0F270CF971000E728C /* XCRemoteSwiftPackageReference "SwiftSDAIcore" */,
				F46CE5C5270F9ABA004A122F /* XCRemoteSwiftPackageReference "SwiftSDAIap242" */,
				F46CE5CD270F9ADA004A122F /* XCRemoteSwiftPackageReference "SwiftAP242PDMkit" */,
			);
			productRefGroup = F44D024524BE3FDA00E77B2A /* Products */;
			projectDirPath = "";
			projectRoot = "";
			targets = (
				F44D025124BE402700E77B2A /* exp2swift */,
			);
		};
/* End PBXProject section */

/* Begin PBXSourcesBuildPhase section */
		F44D024E24BE402700E77B2A /* Sources */ = {
			isa = PBXSourcesBuildPhase;
			buildActionMask = 2147483647;
			files = (
				F44D032224BE429E00E77B2A /* linklist.c in Sources */,
				F43B6BFA24CEC053007493AB /* swift_func.c in Sources */,
				F44D031E24BE429E00E77B2A /* alg.c in Sources */,
				F44D033124BE429E00E77B2A /* lexact.c in Sources */,
				F44D037C24BE42B400E77B2A /* exppp.c in Sources */,
				F40EE5EA254546F200F293C3 /* swift_named_simple_type.c in Sources */,
				F43B6BFD24CEC064007493AB /* swift_proc.c in Sources */,
				F48BF93B24C26BB1005B5B0A /* swift_files.c in Sources */,
				F48BF95524C26BFF005B5B0A /* swift_expression.c in Sources */,
				F48BF95C24C26BFF005B5B0A /* swift_entity.c in Sources */,
				F44D033024BE429E00E77B2A /* error.c in Sources */,
				F44D032924BE429E00E77B2A /* info.c in Sources */,
				F44D036C24BE42B400E77B2A /* pretty_subtype.c in Sources */,
				F43B6C0124D0064D007493AB /* swift_algorithm.c in Sources */,
				F4E728FC25002891007FDFD9 /* swift_select_type.c in Sources */,
				F45A2EA925173EA100A9E3C2 /* swift_enum_type.c in Sources */,
				F44D036B24BE42B400E77B2A /* pretty_schema.c in Sources */,
				F44D032624BE429E00E77B2A /* entity.c in Sources */,
				F45D5E7A25B2C6E900CACCF9 /* decompose_expression.c in Sources */,
				F48BF93924C26BB1005B5B0A /* swift_schema.c in Sources */,
				F44D033624BE429E00E77B2A /* expr.c in Sources */,
				F44D037924BE42B400E77B2A /* pretty_alg.c in Sources */,
				F43B6BEF24CD3D6C007493AB /* swift_entity_partial.c in Sources */,
				F44D037B24BE42B400E77B2A /* pretty_func.c in Sources */,
				F44D037F24BE42B400E77B2A /* pretty_entity.c in Sources */,
				F44D032D24BE429E00E77B2A /* hash.c in Sources */,
				F44D037724BE42B400E77B2A /* pretty_where.c in Sources */,
				F44D038124BE42B400E77B2A /* pretty_loop.c in Sources */,
				F44D032E24BE429E00E77B2A /* scope.c in Sources */,
				F44D032B24BE429E00E77B2A /* fedex.c in Sources */,
				F44D02DF24BE427C00E77B2A /* sc_memmgr.cc in Sources */,
				F44D036D24BE42B400E77B2A /* pretty_express.c in Sources */,
				F44D02EC24BE427C00E77B2A /* sc_benchmark.cc in Sources */,
				F44D037524BE42B400E77B2A /* pretty_type.c in Sources */,
				F44D037624BE42B400E77B2A /* pretty_proc.c in Sources */,
				F48BF95E24C26BFF005B5B0A /* swift_type.c in Sources */,
				F44D033424BE429E00E77B2A /* exp_kw.c in Sources */,
				F44D037324BE42B400E77B2A /* pretty_expr.c in Sources */,
				F43B6BF124CD3E20007493AB /* swift_entity_reference.c in Sources */,
				F44D02EB24BE427C00E77B2A /* path2str.c in Sources */,
				F40EE5DE254546AB00F293C3 /* swift_type_alias.c in Sources */,
				F44D033524BE429E00E77B2A /* express.c in Sources */,
				F44D032A24BE429E00E77B2A /* resolve.c in Sources */,
				F44D031C24BE429E00E77B2A /* dict.c in Sources */,
				F48BF95824C26BFF005B5B0A /* swift_scope_consts.c in Sources */,
				F48BF95B24C26BFF005B5B0A /* swift_scope_types.c in Sources */,
				F48BF93824C26BB1005B5B0A /* exp2swift_main.c in Sources */,
				F44D031B24BE429E00E77B2A /* expparse.c in Sources */,
				F44D032024BE429E00E77B2A /* memory.c in Sources */,
				F44D038024BE42B400E77B2A /* pretty_rule.c in Sources */,
				F44D032F24BE429E00E77B2A /* type.c in Sources */,
				F44D037A24BE42B400E77B2A /* pretty_case.c in Sources */,
				F40EE5E4254546D800F293C3 /* swift_named_aggregate_type.c in Sources */,
				F48BF95724C26BFF005B5B0A /* swift_scope_algs.c in Sources */,
				F44D02DE24BE427C00E77B2A /* sc_trace_fprintf.c in Sources */,
				F44D031F24BE429E00E77B2A /* object.c in Sources */,
				F48BF95A24C26BFF005B5B0A /* swift_scope_locals.c in Sources */,
				F44D02E024BE427C00E77B2A /* sc_mkdir.c in Sources */,
				F44D037424BE42B400E77B2A /* pretty_scope.c in Sources */,
				F44D02E124BE427C00E77B2A /* sc_getopt.cc in Sources */,
				F44D033824BE429E00E77B2A /* schema.c in Sources */,
				F44D037E24BE42B400E77B2A /* pretty_ref.c in Sources */,
				F48BF95924C26BFF005B5B0A /* swift_scope_entities.c in Sources */,
				F44D031D24BE429E00E77B2A /* caseitem.c in Sources */,
				F48BF93A24C26BB1005B5B0A /* swift_express.c in Sources */,
				F45A7F8E24D00EEF00669F95 /* swift_statement.c in Sources */,
				F43B6BF724CEC040007493AB /* swift_rule.c in Sources */,
				F44D031A24BE429E00E77B2A /* expscan.c in Sources */,
				F44D033224BE429E00E77B2A /* symbol.c in Sources */,
				F44D032824BE429E00E77B2A /* stmt.c in Sources */,
				F44D037824BE42B400E77B2A /* pretty_stmt.c in Sources */,
				F44D033724BE429E00E77B2A /* variable.c in Sources */,
				F48BF95D24C26BFF005B5B0A /* swift_symbol.c in Sources */,
			);
			runOnlyForDeploymentPostprocessing = 0;
		};
/* End PBXSourcesBuildPhase section */

/* Begin XCBuildConfiguration section */
		F44D024924BE3FDA00E77B2A /* Debug */ = {
			isa = XCBuildConfiguration;
			buildSettings = {
				ALWAYS_SEARCH_USER_PATHS = NO;
				CLANG_ANALYZER_NONNULL = YES;
				CLANG_ANALYZER_NUMBER_OBJECT_CONVERSION = YES_AGGRESSIVE;
				CLANG_CXX_LANGUAGE_STANDARD = "gnu++14";
				CLANG_CXX_LIBRARY = "libc++";
				CLANG_ENABLE_MODULES = YES;
				CLANG_ENABLE_OBJC_ARC = YES;
				CLANG_ENABLE_OBJC_WEAK = YES;
				CLANG_WARN_BLOCK_CAPTURE_AUTORELEASING = YES;
				CLANG_WARN_BOOL_CONVERSION = YES;
				CLANG_WARN_COMMA = YES;
				CLANG_WARN_CONSTANT_CONVERSION = YES;
				CLANG_WARN_DEPRECATED_OBJC_IMPLEMENTATIONS = YES;
				CLANG_WARN_DIRECT_OBJC_ISA_USAGE = YES_ERROR;
				CLANG_WARN_DOCUMENTATION_COMMENTS = YES;
				CLANG_WARN_EMPTY_BODY = YES;
				CLANG_WARN_ENUM_CONVERSION = YES;
				CLANG_WARN_INFINITE_RECURSION = YES;
				CLANG_WARN_INT_CONVERSION = YES;
				CLANG_WARN_NON_LITERAL_NULL_CONVERSION = YES;
				CLANG_WARN_OBJC_IMPLICIT_RETAIN_SELF = YES;
				CLANG_WARN_OBJC_LITERAL_CONVERSION = YES;
				CLANG_WARN_OBJC_ROOT_CLASS = YES_ERROR;
				CLANG_WARN_QUOTED_INCLUDE_IN_FRAMEWORK_HEADER = YES;
				CLANG_WARN_RANGE_LOOP_ANALYSIS = YES;
				CLANG_WARN_STRICT_PROTOTYPES = YES;
				CLANG_WARN_SUSPICIOUS_MOVE = YES;
				CLANG_WARN_UNGUARDED_AVAILABILITY = YES_AGGRESSIVE;
				CLANG_WARN_UNREACHABLE_CODE = YES;
				CLANG_WARN__DUPLICATE_METHOD_MATCH = YES;
				COPY_PHASE_STRIP = NO;
				DEBUG_INFORMATION_FORMAT = dwarf;
				ENABLE_STRICT_OBJC_MSGSEND = YES;
				ENABLE_TESTABILITY = YES;
				GCC_C_LANGUAGE_STANDARD = gnu11;
				GCC_DYNAMIC_NO_PIC = NO;
				GCC_NO_COMMON_BLOCKS = YES;
				GCC_OPTIMIZATION_LEVEL = 0;
				GCC_PREPROCESSOR_DEFINITIONS = (
					"DEBUG=1",
					"$(inherited)",
				);
				GCC_WARN_64_TO_32_BIT_CONVERSION = YES;
				GCC_WARN_ABOUT_RETURN_TYPE = YES_ERROR;
				GCC_WARN_UNDECLARED_SELECTOR = YES;
				GCC_WARN_UNINITIALIZED_AUTOS = YES_AGGRESSIVE;
				GCC_WARN_UNUSED_FUNCTION = YES;
				GCC_WARN_UNUSED_VARIABLE = YES;
				MACOSX_DEPLOYMENT_TARGET = 10.15;
				MTL_ENABLE_DEBUG_INFO = INCLUDE_SOURCE;
				MTL_FAST_MATH = YES;
				ONLY_ACTIVE_ARCH = YES;
				SDKROOT = macosx;
			};
			name = Debug;
		};
		F44D024A24BE3FDA00E77B2A /* Release */ = {
			isa = XCBuildConfiguration;
			buildSettings = {
				ALWAYS_SEARCH_USER_PATHS = NO;
				CLANG_ANALYZER_NONNULL = YES;
				CLANG_ANALYZER_NUMBER_OBJECT_CONVERSION = YES_AGGRESSIVE;
				CLANG_CXX_LANGUAGE_STANDARD = "gnu++14";
				CLANG_CXX_LIBRARY = "libc++";
				CLANG_ENABLE_MODULES = YES;
				CLANG_ENABLE_OBJC_ARC = YES;
				CLANG_ENABLE_OBJC_WEAK = YES;
				CLANG_WARN_BLOCK_CAPTURE_AUTORELEASING = YES;
				CLANG_WARN_BOOL_CONVERSION = YES;
				CLANG_WARN_COMMA = YES;
				CLANG_WARN_CONSTANT_CONVERSION = YES;
				CLANG_WARN_DEPRECATED_OBJC_IMPLEMENTATIONS = YES;
				CLANG_WARN_DIRECT_OBJC_ISA_USAGE = YES_ERROR;
				CLANG_WARN_DOCUMENTATION_COMMENTS = YES;
				CLANG_WARN_EMPTY_BODY = YES;
				CLANG_WARN_ENUM_CONVERSION = YES;
				CLANG_WARN_INFINITE_RECURSION = YES;
				CLANG_WARN_INT_CONVERSION = YES;
				CLANG_WARN_NON_LITERAL_NULL_CONVERSION = YES;
				CLANG_WARN_OBJC_IMPLICIT_RETAIN_SELF = YES;
				CLANG_WARN_OBJC_LITERAL_CONVERSION = YES;
				CLANG_WARN_OBJC_ROOT_CLASS = YES_ERROR;
				CLANG_WARN_QUOTED_INCLUDE_IN_FRAMEWORK_HEADER = YES;
				CLANG_WARN_RANGE_LOOP_ANALYSIS = YES;
				CLANG_WARN_STRICT_PROTOTYPES = YES;
				CLANG_WARN_SUSPICIOUS_MOVE = YES;
				CLANG_WARN_UNGUARDED_AVAILABILITY = YES_AGGRESSIVE;
				CLANG_WARN_UNREACHABLE_CODE = YES;
				CLANG_WARN__DUPLICATE_METHOD_MATCH = YES;
				COPY_PHASE_STRIP = NO;
				DEBUG_INFORMATION_FORMAT = "dwarf-with-dsym";
				ENABLE_NS_ASSERTIONS = NO;
				ENABLE_STRICT_OBJC_MSGSEND = YES;
				GCC_C_LANGUAGE_STANDARD = gnu11;
				GCC_NO_COMMON_BLOCKS = YES;
				GCC_WARN_64_TO_32_BIT_CONVERSION = YES;
				GCC_WARN_ABOUT_RETURN_TYPE = YES_ERROR;
				GCC_WARN_UNDECLARED_SELECTOR = YES;
				GCC_WARN_UNINITIALIZED_AUTOS = YES_AGGRESSIVE;
				GCC_WARN_UNUSED_FUNCTION = YES;
				GCC_WARN_UNUSED_VARIABLE = YES;
				MACOSX_DEPLOYMENT_TARGET = 10.15;
				MTL_ENABLE_DEBUG_INFO = NO;
				MTL_FAST_MATH = YES;
				SDKROOT = macosx;
				SWIFT_COMPILATION_MODE = wholemodule;
			};
			name = Release;
		};
		F44D025724BE402700E77B2A /* Debug */ = {
			isa = XCBuildConfiguration;
			buildSettings = {
				CODE_SIGN_IDENTITY = "-";
				CODE_SIGN_STYLE = Automatic;
				DEVELOPMENT_TEAM = ZX793TWQF2;
				ENABLE_HARDENED_RUNTIME = YES;
				HEADER_SEARCH_PATHS = (
					exp2swift,
					stepcode/include,
					stepcode/include/exppp,
					stepcode/include/express,
					stepcode/src/base,
				);
				PRODUCT_NAME = "$(TARGET_NAME)";
			};
			name = Debug;
		};
		F44D025824BE402700E77B2A /* Release */ = {
			isa = XCBuildConfiguration;
			buildSettings = {
				CODE_SIGN_IDENTITY = "-";
				CODE_SIGN_STYLE = Automatic;
				DEVELOPMENT_TEAM = ZX793TWQF2;
				ENABLE_HARDENED_RUNTIME = YES;
				HEADER_SEARCH_PATHS = (
					exp2swift,
					stepcode/include,
					stepcode/include/exppp,
					stepcode/include/express,
					stepcode/src/base,
				);
				PRODUCT_NAME = "$(TARGET_NAME)";
			};
			name = Release;
		};
/* End XCBuildConfiguration section */

/* Begin XCConfigurationList section */
		F44D023F24BE3FDA00E77B2A /* Build configuration list for PBXProject "STEPswiftcode" */ = {
			isa = XCConfigurationList;
			buildConfigurations = (
				F44D024924BE3FDA00E77B2A /* Debug */,
				F44D024A24BE3FDA00E77B2A /* Release */,
			);
			defaultConfigurationIsVisible = 0;
			defaultConfigurationName = Release;
		};
		F44D025624BE402700E77B2A /* Build configuration list for PBXNativeTarget "exp2swift" */ = {
			isa = XCConfigurationList;
			buildConfigurations = (
				F44D025724BE402700E77B2A /* Debug */,
				F44D025824BE402700E77B2A /* Release */,
			);
			defaultConfigurationIsVisible = 0;
			defaultConfigurationName = Release;
		};
/* End XCConfigurationList section */

/* Begin XCRemoteSwiftPackageReference section */
		F4245F0F270CF971000E728C /* XCRemoteSwiftPackageReference "SwiftSDAIcore" */ = {
			isa = XCRemoteSwiftPackageReference;
			repositoryURL = "https://github.com/tsun7170/SwiftSDAIcore.git";
			requirement = {
				kind = upToNextMajorVersion;
				minimumVersion = 1.0.0;
			};
		};
		F46CE5C5270F9ABA004A122F /* XCRemoteSwiftPackageReference "SwiftSDAIap242" */ = {
			isa = XCRemoteSwiftPackageReference;
			repositoryURL = "https://github.com/tsun7170/SwiftSDAIap242.git";
			requirement = {
				kind = upToNextMajorVersion;
				minimumVersion = 1.0.0;
			};
		};
		F46CE5CD270F9ADA004A122F /* XCRemoteSwiftPackageReference "SwiftAP242PDMkit" */ = {
			isa = XCRemoteSwiftPackageReference;
			repositoryURL = "https://github.com/tsun7170/SwiftAP242PDMkit.git";
			requirement = {
				kind = upToNextMajorVersion;
				minimumVersion = 1.0.0;
			};
		};
/* End XCRemoteSwiftPackageReference section */
	};
	rootObject = F44D023C24BE3FDA00E77B2A /* Project object */;
}
